
Microsoft Visual Studio Solution File, Format Version 12.00
# Visual Studio Version 16
VisualStudioVersion = 16.0.29721.120
MinimumVisualStudioVersion = 10.0.40219.1
Project("{6EC3EE1D-3C4E-46DD-8F32-0CC8E7565705}") = "Factorial", "Factorial.fsproj", "{8D90E24E-EA63-4817-B595-F82AE0646A7C}"
EndProject
Project("{6EC3EE1D-3C4E-46DD-8F32-0CC8E7565705}") = "Factorial.Tests", "..\Factorial.Tests\Factorial.Tests.fsproj", "{B98B5FD2-BDAC-4458-A05B-5E9877A8B1CC}"
EndProject
Global
	GlobalSection(SolutionConfigurationPlatforms) = preSolution
		Debug|Any CPU = Debug|Any CPU
		Release|Any CPU = Release|Any CPU
	EndGlobalSection
	GlobalSection(ProjectConfigurationPlatforms) = postSolution
		{8D90E24E-EA63-4817-B595-F82AE0646A7C}.Debug|Any CPU.ActiveCfg = Debug|Any CPU
		{8D90E24E-EA63-4817-B595-F82AE0646A7C}.Debug|Any CPU.Build.0 = Debug|Any CPU
		{8D90E24E-EA63-4817-B595-F82AE0646A7C}.Release|Any CPU.ActiveCfg = Release|Any CPU
		{8D90E24E-EA63-4817-B595-F82AE0646A7C}.Release|Any CPU.Build.0 = Release|Any CPU
		{B98B5FD2-BDAC-4458-A05B-5E9877A8B1CC}.Debug|Any CPU.ActiveCfg = Debug|Any CPU
		{B98B5FD2-BDAC-4458-A05B-5E9877A8B1CC}.Debug|Any CPU.Build.0 = Debug|Any CPU
		{B98B5FD2-BDAC-4458-A05B-5E9877A8B1CC}.Release|Any CPU.ActiveCfg = Release|Any CPU
		{B98B5FD2-BDAC-4458-A05B-5E9877A8B1CC}.Release|Any CPU.Build.0 = Release|Any CPU
	EndGlobalSection
	GlobalSection(SolutionProperties) = preSolution
		HideSolutionNode = FALSE
	EndGlobalSection
	GlobalSection(ExtensibilityGlobals) = postSolution
		SolutionGuid = {DD1270CD-BDFD-43FA-A6C1-F0B3EB9C2EDF}
	EndGlobalSection
EndGlobal
