
Microsoft Visual Studio Solution File, Format Version 12.00
# Visual Studio Version 16
VisualStudioVersion = 16.0.29905.134
MinimumVisualStudioVersion = 10.0.40219.1
Project("{F2A71F9B-5D33-465A-A702-920D77279786}") = "PhoneBook", "PhoneBook\PhoneBook.fsproj", "{9A894477-0AEC-4428-92F2-FA2EE9D68A8A}"
EndProject
Project("{F2A71F9B-5D33-465A-A702-920D77279786}") = "PhoneBook.Tests", "..\PhoneBook.Tests\PhoneBook.Tests.fsproj", "{0777FBF4-5B41-4BD8-B220-74313CCDE86A}"
EndProject
Global
	GlobalSection(SolutionConfigurationPlatforms) = preSolution
		Debug|Any CPU = Debug|Any CPU
		Release|Any CPU = Release|Any CPU
	EndGlobalSection
	GlobalSection(ProjectConfigurationPlatforms) = postSolution
		{9A894477-0AEC-4428-92F2-FA2EE9D68A8A}.Debug|Any CPU.ActiveCfg = Debug|Any CPU
		{9A894477-0AEC-4428-92F2-FA2EE9D68A8A}.Debug|Any CPU.Build.0 = Debug|Any CPU
		{9A894477-0AEC-4428-92F2-FA2EE9D68A8A}.Release|Any CPU.ActiveCfg = Release|Any CPU
		{9A894477-0AEC-4428-92F2-FA2EE9D68A8A}.Release|Any CPU.Build.0 = Release|Any CPU
		{0777FBF4-5B41-4BD8-B220-74313CCDE86A}.Debug|Any CPU.ActiveCfg = Debug|Any CPU
		{0777FBF4-5B41-4BD8-B220-74313CCDE86A}.Debug|Any CPU.Build.0 = Debug|Any CPU
		{0777FBF4-5B41-4BD8-B220-74313CCDE86A}.Release|Any CPU.ActiveCfg = Release|Any CPU
		{0777FBF4-5B41-4BD8-B220-74313CCDE86A}.Release|Any CPU.Build.0 = Release|Any CPU
	EndGlobalSection
	GlobalSection(SolutionProperties) = preSolution
		HideSolutionNode = FALSE
	EndGlobalSection
	GlobalSection(ExtensibilityGlobals) = postSolution
		SolutionGuid = {E20BBBAC-2D47-467E-91C9-99A03BB0051E}
	EndGlobalSection
EndGlobal
