
Microsoft Visual Studio Solution File, Format Version 12.00
# Visual Studio Version 16
VisualStudioVersion = 16.0.30128.74
MinimumVisualStudioVersion = 10.0.40219.1
Project("{F2A71F9B-5D33-465A-A702-920D77279786}") = "Lazy", "Lazy/Lazy.fsproj", "{7171AB87-42B2-4DCC-AE39-67ECC62B8516}"
EndProject
Global
	GlobalSection(SolutionConfigurationPlatforms) = preSolution
		Debug|Any CPU = Debug|Any CPU
		Release|Any CPU = Release|Any CPU
	EndGlobalSection
	GlobalSection(ProjectConfigurationPlatforms) = postSolution
		{7171AB87-42B2-4DCC-AE39-67ECC62B8516}.Debug|Any CPU.ActiveCfg = Debug|Any CPU
		{7171AB87-42B2-4DCC-AE39-67ECC62B8516}.Debug|Any CPU.Build.0 = Debug|Any CPU
		{7171AB87-42B2-4DCC-AE39-67ECC62B8516}.Release|Any CPU.ActiveCfg = Release|Any CPU
		{7171AB87-42B2-4DCC-AE39-67ECC62B8516}.Release|Any CPU.Build.0 = Release|Any CPU
	EndGlobalSection
	GlobalSection(SolutionProperties) = preSolution
		HideSolutionNode = FALSE
	EndGlobalSection
	GlobalSection(ExtensibilityGlobals) = postSolution
		SolutionGuid = {D94B048B-7FBE-4886-978A-0CA53E110228}
	EndGlobalSection
EndGlobal
